{
  "originHash" : "46f0cca7320654f0594e3d29b3ef736f9e02fc4e5ef76eb961541a0a7341a6a9",
  "pins" : [
    {
      "identity" : "ios-sdk",
      "kind" : "remoteSourceControl",
      "location" : "https://github.com/spotify/ios-sdk/",
      "state" : {
        "branch" : "master",
        "revision" : "8aec6234b78df7b3ea88208b14b07779a9e61f87"
      }
    }
  ],
  "version" : 3
}
