// !$*UTF8*$!
{
	archiveVersion = 1;
	classes = {
	};
	objectVersion = 56;
	objects = {

/* Begin PBXBuildFile section */
		3D4E76C32C4854750072AF5C /* SpotifyPlaylistManagerApp.swift in Sources */ = {isa = PBXBuildFile; fileRef = 3D4E76C22C4854750072AF5C /* SpotifyPlaylistManagerApp.swift */; };
		3D4E76C52C4854750072AF5C /* ContentView.swift in Sources */ = {isa = PBXBuildFile; fileRef = 3D4E76C42C4854750072AF5C /* ContentView.swift */; };
		3D4E76C72C4854760072AF5C /* Assets.xcassets in Resources */ = {isa = PBXBuildFile; fileRef = 3D4E76C62C4854760072AF5C /* Assets.xcassets */; };
		3D4E76CB2C4854760072AF5C /* Preview Assets.xcassets in Resources */ = {isa = PBXBuildFile; fileRef = 3D4E76CA2C4854760072AF5C /* Preview Assets.xcassets */; };
		3D4E76D32C4857620072AF5C /* SpotifyiOS in Frameworks */ = {isa = PBXBuildFile; productRef = 3D4E76D22C4857620072AF5C /* SpotifyiOS */; };
		3D4E76DA2C4920C80072AF5C /* SpotifyAuthManager.swift in Sources */ = {isa = PBXBuildFile; fileRef = 3D4E76D92C4920C80072AF5C /* SpotifyAuthManager.swift */; };
		3D4E76DE2C49275C0072AF5C /* Playlist.swift in Sources */ = {isa = PBXBuildFile; fileRef = 3D4E76DD2C49275C0072AF5C /* Playlist.swift */; };
		3D4E76E12C49287E0072AF5C /* Logger.swift in Sources */ = {isa = PBXBuildFile; fileRef = 3D4E76E02C49287E0072AF5C /* Logger.swift */; };
		3D4E76E52C49555D0072AF5C /* AppDelegate.swift in Sources */ = {isa = PBXBuildFile; fileRef = 3D4E76E42C49555D0072AF5C /* AppDelegate.swift */; };
		3D4E76E72C496C410072AF5C /* Info.swift in Sources */ = {isa = PBXBuildFile; fileRef = 3D4E76E62C496C410072AF5C /* Info.swift */; };
/* End PBXBuildFile section */

/* Begin PBXFileReference section */
		3D4E76BF2C4854750072AF5C /* SpotifyPlaylistManager.app */ = {isa = PBXFileReference; explicitFileType = wrapper.application; includeInIndex = 0; path = SpotifyPlaylistManager.app; sourceTree = BUILT_PRODUCTS_DIR; };
		3D4E76C22C4854750072AF5C /* SpotifyPlaylistManagerApp.swift */ = {isa = PBXFileReference; lastKnownFileType = sourcecode.swift; path = SpotifyPlaylistManagerApp.swift; sourceTree = "<group>"; };
		3D4E76C42C4854750072AF5C /* ContentView.swift */ = {isa = PBXFileReference; lastKnownFileType = sourcecode.swift; path = ContentView.swift; sourceTree = "<group>"; };
		3D4E76C62C4854760072AF5C /* Assets.xcassets */ = {isa = PBXFileReference; lastKnownFileType = folder.assetcatalog; path = Assets.xcassets; sourceTree = "<group>"; };
		3D4E76C82C4854760072AF5C /* SpotifyPlaylistManager.entitlements */ = {isa = PBXFileReference; lastKnownFileType = text.plist.entitlements; path = SpotifyPlaylistManager.entitlements; sourceTree = "<group>"; };
		3D4E76CA2C4854760072AF5C /* Preview Assets.xcassets */ = {isa = PBXFileReference; lastKnownFileType = folder.assetcatalog; path = "Preview Assets.xcassets"; sourceTree = "<group>"; };
		3D4E76D42C48577F0072AF5C /* Info.plist */ = {isa = PBXFileReference; lastKnownFileType = text.plist; path = Info.plist; sourceTree = "<group>"; };
		3D4E76D52C48591B0072AF5C /* SpotifyPM-Bridging-Header.h */ = {isa = PBXFileReference; lastKnownFileType = sourcecode.c.h; path = "SpotifyPM-Bridging-Header.h"; sourceTree = "<group>"; };
		3D4E76D92C4920C80072AF5C /* SpotifyAuthManager.swift */ = {isa = PBXFileReference; lastKnownFileType = sourcecode.swift; path = SpotifyAuthManager.swift; sourceTree = "<group>"; };
		3D4E76DD2C49275C0072AF5C /* Playlist.swift */ = {isa = PBXFileReference; lastKnownFileType = sourcecode.swift; path = Playlist.swift; sourceTree = "<group>"; };
		3D4E76E02C49287E0072AF5C /* Logger.swift */ = {isa = PBXFileReference; lastKnownFileType = sourcecode.swift; path = Logger.swift; sourceTree = "<group>"; };
		3D4E76E42C49555D0072AF5C /* AppDelegate.swift */ = {isa = PBXFileReference; lastKnownFileType = sourcecode.swift; path = AppDelegate.swift; sourceTree = "<group>"; };
		3D4E76E62C496C410072AF5C /* Info.swift */ = {isa = PBXFileReference; lastKnownFileType = sourcecode.swift; path = Info.swift; sourceTree = "<group>"; };
/* End PBXFileReference section */

/* Begin PBXFrameworksBuildPhase section */
		3D4E76BC2C4854750072AF5C /* Frameworks */ = {
			isa = PBXFrameworksBuildPhase;
			buildActionMask = 2147483647;
			files = (
				3D4E76D32C4857620072AF5C /* SpotifyiOS in Frameworks */,
			);
			runOnlyForDeploymentPostprocessing = 0;
		};
/* End PBXFrameworksBuildPhase section */

/* Begin PBXGroup section */
		3D4E76B62C4854740072AF5C = {
			isa = PBXGroup;
			children = (
				3D4E76C12C4854750072AF5C /* SpotifyPlaylistManager */,
				3D4E76C02C4854750072AF5C /* Products */,
			);
			sourceTree = "<group>";
		};
		3D4E76C02C4854750072AF5C /* Products */ = {
			isa = PBXGroup;
			children = (
				3D4E76BF2C4854750072AF5C /* SpotifyPlaylistManager.app */,
			);
			name = Products;
			sourceTree = "<group>";
		};
		3D4E76C12C4854750072AF5C /* SpotifyPlaylistManager */ = {
			isa = PBXGroup;
			children = (
				3D4E76D42C48577F0072AF5C /* Info.plist */,
				3D4E76C22C4854750072AF5C /* SpotifyPlaylistManagerApp.swift */,
				3D4E76E42C49555D0072AF5C /* AppDelegate.swift */,
				3D4E76D72C4920900072AF5C /* Bridge */,
				3D4E76DC2C49265C0072AF5C /* Data */,
				3D4E76DF2C4928600072AF5C /* Logger */,
				3D4E76D62C4920890072AF5C /* Managers */,
				3D4E76D82C49209D0072AF5C /* Views */,
				3D4E76C62C4854760072AF5C /* Assets.xcassets */,
				3D4E76C82C4854760072AF5C /* SpotifyPlaylistManager.entitlements */,
				3D4E76C92C4854760072AF5C /* Preview Content */,
			);
			path = SpotifyPlaylistManager;
			sourceTree = "<group>";
		};
		3D4E76C92C4854760072AF5C /* Preview Content */ = {
			isa = PBXGroup;
			children = (
				3D4E76CA2C4854760072AF5C /* Preview Assets.xcassets */,
			);
			path = "Preview Content";
			sourceTree = "<group>";
		};
		3D4E76D62C4920890072AF5C /* Managers */ = {
			isa = PBXGroup;
			children = (
				3D4E76D92C4920C80072AF5C /* SpotifyAuthManager.swift */,
			);
			path = Managers;
			sourceTree = "<group>";
		};
		3D4E76D72C4920900072AF5C /* Bridge */ = {
			isa = PBXGroup;
			children = (
				3D4E76D52C48591B0072AF5C /* SpotifyPM-Bridging-Header.h */,
			);
			path = Bridge;
			sourceTree = "<group>";
		};
		3D4E76D82C49209D0072AF5C /* Views */ = {
			isa = PBXGroup;
			children = (
				3D4E76C42C4854750072AF5C /* ContentView.swift */,
				3D4E76E62C496C410072AF5C /* Info.swift */,
			);
			path = Views;
			sourceTree = "<group>";
		};
		3D4E76DC2C49265C0072AF5C /* Data */ = {
			isa = PBXGroup;
			children = (
				3D4E76DD2C49275C0072AF5C /* Playlist.swift */,
			);
			path = Data;
			sourceTree = "<group>";
		};
		3D4E76DF2C4928600072AF5C /* Logger */ = {
			isa = PBXGroup;
			children = (
				3D4E76E02C49287E0072AF5C /* Logger.swift */,
			);
			path = Logger;
			sourceTree = "<group>";
		};
/* End PBXGroup section */

/* Begin PBXNativeTarget section */
		3D4E76BE2C4854750072AF5C /* SpotifyPlaylistManager */ = {
			isa = PBXNativeTarget;
			buildConfigurationList = 3D4E76CE2C4854760072AF5C /* Build configuration list for PBXNativeTarget "SpotifyPlaylistManager" */;
			buildPhases = (
				3D4E76BB2C4854750072AF5C /* Sources */,
				3D4E76BC2C4854750072AF5C /* Frameworks */,
				3D4E76BD2C4854750072AF5C /* Resources */,
			);
			buildRules = (
			);
			dependencies = (
			);
			name = SpotifyPlaylistManager;
			packageProductDependencies = (
				3D4E76D22C4857620072AF5C /* SpotifyiOS */,
			);
			productName = SpotifyPlaylistManager;
			productReference = 3D4E76BF2C4854750072AF5C /* SpotifyPlaylistManager.app */;
			productType = "com.apple.product-type.application";
		};
/* End PBXNativeTarget section */

/* Begin PBXProject section */
		3D4E76B72C4854740072AF5C /* Project object */ = {
			isa = PBXProject;
			attributes = {
				BuildIndependentTargetsInParallel = 1;
				LastSwiftUpdateCheck = 1540;
				LastUpgradeCheck = 1540;
				TargetAttributes = {
					3D4E76BE2C4854750072AF5C = {
						CreatedOnToolsVersion = 15.4;
					};
				};
			};
			buildConfigurationList = 3D4E76BA2C4854740072AF5C /* Build configuration list for PBXProject "SpotifyPlaylistManager" */;
			compatibilityVersion = "Xcode 14.0";
			developmentRegion = en;
			hasScannedForEncodings = 0;
			knownRegions = (
				en,
				Base,
			);
			mainGroup = 3D4E76B62C4854740072AF5C;
			packageReferences = (
				3D4E76D12C4857620072AF5C /* XCRemoteSwiftPackageReference "ios-sdk" */,
			);
			productRefGroup = 3D4E76C02C4854750072AF5C /* Products */;
			projectDirPath = "";
			projectRoot = "";
			targets = (
				3D4E76BE2C4854750072AF5C /* SpotifyPlaylistManager */,
			);
		};
/* End PBXProject section */

/* Begin PBXResourcesBuildPhase section */
		3D4E76BD2C4854750072AF5C /* Resources */ = {
			isa = PBXResourcesBuildPhase;
			buildActionMask = 2147483647;
			files = (
				3D4E76CB2C4854760072AF5C /* Preview Assets.xcassets in Resources */,
				3D4E76C72C4854760072AF5C /* Assets.xcassets in Resources */,
			);
			runOnlyForDeploymentPostprocessing = 0;
		};
/* End PBXResourcesBuildPhase section */

/* Begin PBXSourcesBuildPhase section */
		3D4E76BB2C4854750072AF5C /* Sources */ = {
			isa = PBXSourcesBuildPhase;
			buildActionMask = 2147483647;
			files = (
				3D4E76E12C49287E0072AF5C /* Logger.swift in Sources */,
				3D4E76DA2C4920C80072AF5C /* SpotifyAuthManager.swift in Sources */,
				3D4E76C52C4854750072AF5C /* ContentView.swift in Sources */,
				3D4E76E52C49555D0072AF5C /* AppDelegate.swift in Sources */,
				3D4E76C32C4854750072AF5C /* SpotifyPlaylistManagerApp.swift in Sources */,
				3D4E76DE2C49275C0072AF5C /* Playlist.swift in Sources */,
				3D4E76E72C496C410072AF5C /* Info.swift in Sources */,
			);
			runOnlyForDeploymentPostprocessing = 0;
		};
/* End PBXSourcesBuildPhase section */

/* Begin XCBuildConfiguration section */
		3D4E76CC2C4854760072AF5C /* Debug */ = {
			isa = XCBuildConfiguration;
			buildSettings = {
				ALWAYS_SEARCH_USER_PATHS = NO;
				ASSETCATALOG_COMPILER_GENERATE_SWIFT_ASSET_SYMBOL_EXTENSIONS = YES;
				CLANG_ANALYZER_NONNULL = YES;
				CLANG_ANALYZER_NUMBER_OBJECT_CONVERSION = YES_AGGRESSIVE;
				CLANG_CXX_LANGUAGE_STANDARD = "gnu++20";
				CLANG_ENABLE_MODULES = YES;
				CLANG_ENABLE_OBJC_ARC = YES;
				CLANG_ENABLE_OBJC_WEAK = YES;
				CLANG_WARN_BLOCK_CAPTURE_AUTORELEASING = YES;
				CLANG_WARN_BOOL_CONVERSION = YES;
				CLANG_WARN_COMMA = YES;
				CLANG_WARN_CONSTANT_CONVERSION = YES;
				CLANG_WARN_DEPRECATED_OBJC_IMPLEMENTATIONS = YES;
				CLANG_WARN_DIRECT_OBJC_ISA_USAGE = YES_ERROR;
				CLANG_WARN_DOCUMENTATION_COMMENTS = YES;
				CLANG_WARN_EMPTY_BODY = YES;
				CLANG_WARN_ENUM_CONVERSION = YES;
				CLANG_WARN_INFINITE_RECURSION = YES;
				CLANG_WARN_INT_CONVERSION = YES;
				CLANG_WARN_NON_LITERAL_NULL_CONVERSION = YES;
				CLANG_WARN_OBJC_IMPLICIT_RETAIN_SELF = YES;
				CLANG_WARN_OBJC_LITERAL_CONVERSION = YES;
				CLANG_WARN_OBJC_ROOT_CLASS = YES_ERROR;
				CLANG_WARN_QUOTED_INCLUDE_IN_FRAMEWORK_HEADER = YES;
				CLANG_WARN_RANGE_LOOP_ANALYSIS = YES;
				CLANG_WARN_STRICT_PROTOTYPES = YES;
				CLANG_WARN_SUSPICIOUS_MOVE = YES;
				CLANG_WARN_UNGUARDED_AVAILABILITY = YES_AGGRESSIVE;
				CLANG_WARN_UNREACHABLE_CODE = YES;
				CLANG_WARN__DUPLICATE_METHOD_MATCH = YES;
				COPY_PHASE_STRIP = NO;
				DEBUG_INFORMATION_FORMAT = dwarf;
				ENABLE_STRICT_OBJC_MSGSEND = YES;
				ENABLE_TESTABILITY = YES;
				ENABLE_USER_SCRIPT_SANDBOXING = YES;
				GCC_C_LANGUAGE_STANDARD = gnu17;
				GCC_DYNAMIC_NO_PIC = NO;
				GCC_NO_COMMON_BLOCKS = YES;
				GCC_OPTIMIZATION_LEVEL = 0;
				GCC_PREPROCESSOR_DEFINITIONS = (
					"DEBUG=1",
					"$(inherited)",
				);
				GCC_WARN_64_TO_32_BIT_CONVERSION = YES;
				GCC_WARN_ABOUT_RETURN_TYPE = YES_ERROR;
				GCC_WARN_UNDECLARED_SELECTOR = YES;
				GCC_WARN_UNINITIALIZED_AUTOS = YES_AGGRESSIVE;
				GCC_WARN_UNUSED_FUNCTION = YES;
				GCC_WARN_UNUSED_VARIABLE = YES;
				IPHONEOS_DEPLOYMENT_TARGET = 17.0;
				LOCALIZATION_PREFERS_STRING_CATALOGS = YES;
				MACOSX_DEPLOYMENT_TARGET = 14.0;
				MTL_ENABLE_DEBUG_INFO = INCLUDE_SOURCE;
				MTL_FAST_MATH = YES;
				ONLY_ACTIVE_ARCH = YES;
				SWIFT_ACTIVE_COMPILATION_CONDITIONS = "DEBUG $(inherited)";
				SWIFT_OPTIMIZATION_LEVEL = "-Onone";
			};
			name = Debug;
		};
		3D4E76CD2C4854760072AF5C /* Release */ = {
			isa = XCBuildConfiguration;
			buildSettings = {
				ALWAYS_SEARCH_USER_PATHS = NO;
				ASSETCATALOG_COMPILER_GENERATE_SWIFT_ASSET_SYMBOL_EXTENSIONS = YES;
				CLANG_ANALYZER_NONNULL = YES;
				CLANG_ANALYZER_NUMBER_OBJECT_CONVERSION = YES_AGGRESSIVE;
				CLANG_CXX_LANGUAGE_STANDARD = "gnu++20";
				CLANG_ENABLE_MODULES = YES;
				CLANG_ENABLE_OBJC_ARC = YES;
				CLANG_ENABLE_OBJC_WEAK = YES;
				CLANG_WARN_BLOCK_CAPTURE_AUTORELEASING = YES;
				CLANG_WARN_BOOL_CONVERSION = YES;
				CLANG_WARN_COMMA = YES;
				CLANG_WARN_CONSTANT_CONVERSION = YES;
				CLANG_WARN_DEPRECATED_OBJC_IMPLEMENTATIONS = YES;
				CLANG_WARN_DIRECT_OBJC_ISA_USAGE = YES_ERROR;
				CLANG_WARN_DOCUMENTATION_COMMENTS = YES;
				CLANG_WARN_EMPTY_BODY = YES;
				CLANG_WARN_ENUM_CONVERSION = YES;
				CLANG_WARN_INFINITE_RECURSION = YES;
				CLANG_WARN_INT_CONVERSION = YES;
				CLANG_WARN_NON_LITERAL_NULL_CONVERSION = YES;
				CLANG_WARN_OBJC_IMPLICIT_RETAIN_SELF = YES;
				CLANG_WARN_OBJC_LITERAL_CONVERSION = YES;
				CLANG_WARN_OBJC_ROOT_CLASS = YES_ERROR;
				CLANG_WARN_QUOTED_INCLUDE_IN_FRAMEWORK_HEADER = YES;
				CLANG_WARN_RANGE_LOOP_ANALYSIS = YES;
				CLANG_WARN_STRICT_PROTOTYPES = YES;
				CLANG_WARN_SUSPICIOUS_MOVE = YES;
				CLANG_WARN_UNGUARDED_AVAILABILITY = YES_AGGRESSIVE;
				CLANG_WARN_UNREACHABLE_CODE = YES;
				CLANG_WARN__DUPLICATE_METHOD_MATCH = YES;
				COPY_PHASE_STRIP = NO;
				DEBUG_INFORMATION_FORMAT = "dwarf-with-dsym";
				ENABLE_NS_ASSERTIONS = NO;
				ENABLE_STRICT_OBJC_MSGSEND = YES;
				ENABLE_USER_SCRIPT_SANDBOXING = YES;
				GCC_C_LANGUAGE_STANDARD = gnu17;
				GCC_NO_COMMON_BLOCKS = YES;
				GCC_WARN_64_TO_32_BIT_CONVERSION = YES;
				GCC_WARN_ABOUT_RETURN_TYPE = YES_ERROR;
				GCC_WARN_UNDECLARED_SELECTOR = YES;
				GCC_WARN_UNINITIALIZED_AUTOS = YES_AGGRESSIVE;
				GCC_WARN_UNUSED_FUNCTION = YES;
				GCC_WARN_UNUSED_VARIABLE = YES;
				IPHONEOS_DEPLOYMENT_TARGET = 17.0;
				LOCALIZATION_PREFERS_STRING_CATALOGS = YES;
				MACOSX_DEPLOYMENT_TARGET = 14.0;
				MTL_ENABLE_DEBUG_INFO = NO;
				MTL_FAST_MATH = YES;
				SWIFT_COMPILATION_MODE = wholemodule;
			};
			name = Release;
		};
		3D4E76CF2C4854760072AF5C /* Debug */ = {
			isa = XCBuildConfiguration;
			buildSettings = {
				ASSETCATALOG_COMPILER_APPICON_NAME = AppIcon;
				ASSETCATALOG_COMPILER_GLOBAL_ACCENT_COLOR_NAME = AccentColor;
				CODE_SIGN_ENTITLEMENTS = SpotifyPlaylistManager/SpotifyPlaylistManager.entitlements;
				CODE_SIGN_STYLE = Automatic;
				CURRENT_PROJECT_VERSION = 1;
				DEVELOPMENT_ASSET_PATHS = "\"SpotifyPlaylistManager/Preview Content\"";
				DEVELOPMENT_TEAM = 9SA9YW222L;
				ENABLE_HARDENED_RUNTIME = YES;
				ENABLE_PREVIEWS = YES;
				GENERATE_INFOPLIST_FILE = YES;
				INFOPLIST_FILE = SpotifyPlaylistManager/Info.plist;
				"INFOPLIST_KEY_UIApplicationSceneManifest_Generation[sdk=iphoneos*]" = YES;
				"INFOPLIST_KEY_UIApplicationSceneManifest_Generation[sdk=iphonesimulator*]" = YES;
				"INFOPLIST_KEY_UIApplicationSupportsIndirectInputEvents[sdk=iphoneos*]" = YES;
				"INFOPLIST_KEY_UIApplicationSupportsIndirectInputEvents[sdk=iphonesimulator*]" = YES;
				"INFOPLIST_KEY_UILaunchScreen_Generation[sdk=iphoneos*]" = YES;
				"INFOPLIST_KEY_UILaunchScreen_Generation[sdk=iphonesimulator*]" = YES;
				"INFOPLIST_KEY_UIStatusBarStyle[sdk=iphoneos*]" = UIStatusBarStyleDefault;
				"INFOPLIST_KEY_UIStatusBarStyle[sdk=iphonesimulator*]" = UIStatusBarStyleDefault;
				INFOPLIST_KEY_UISupportedInterfaceOrientations_iPad = "UIInterfaceOrientationPortrait UIInterfaceOrientationPortraitUpsideDown UIInterfaceOrientationLandscapeLeft UIInterfaceOrientationLandscapeRight";
				INFOPLIST_KEY_UISupportedInterfaceOrientations_iPhone = "UIInterfaceOrientationPortrait UIInterfaceOrientationLandscapeLeft UIInterfaceOrientationLandscapeRight";
				IPHONEOS_DEPLOYMENT_TARGET = 17.5;
				LD_RUNPATH_SEARCH_PATHS = "@executable_path/Frameworks";
				"LD_RUNPATH_SEARCH_PATHS[sdk=macosx*]" = "@executable_path/../Frameworks";
				MACOSX_DEPLOYMENT_TARGET = 14.5;
				MARKETING_VERSION = 1.0;
				OTHER_LDFLAGS = "-ObjC";
				PRODUCT_BUNDLE_IDENTIFIER = com.janstusio.SpotifyPlaylistManager;
				PRODUCT_NAME = "$(TARGET_NAME)";
				SDKROOT = auto;
				SUPPORTED_PLATFORMS = "iphoneos iphonesimulator macosx";
				SWIFT_EMIT_LOC_STRINGS = YES;
				SWIFT_OBJC_BRIDGING_HEADER = "$(SRCROOT)/SpotifyPlaylistManager/Bridge/SpotifyPM-Bridging-Header.h";
				SWIFT_VERSION = 5.0;
				TARGETED_DEVICE_FAMILY = "1,2";
			};
			name = Debug;
		};
		3D4E76D02C4854760072AF5C /* Release */ = {
			isa = XCBuildConfiguration;
			buildSettings = {
				ASSETCATALOG_COMPILER_APPICON_NAME = AppIcon;
				ASSETCATALOG_COMPILER_GLOBAL_ACCENT_COLOR_NAME = AccentColor;
				CODE_SIGN_ENTITLEMENTS = SpotifyPlaylistManager/SpotifyPlaylistManager.entitlements;
				CODE_SIGN_STYLE = Automatic;
				CURRENT_PROJECT_VERSION = 1;
				DEVELOPMENT_ASSET_PATHS = "\"SpotifyPlaylistManager/Preview Content\"";
				DEVELOPMENT_TEAM = 9SA9YW222L;
				ENABLE_HARDENED_RUNTIME = YES;
				ENABLE_PREVIEWS = YES;
				GENERATE_INFOPLIST_FILE = YES;
				INFOPLIST_FILE = SpotifyPlaylistManager/Info.plist;
				"INFOPLIST_KEY_UIApplicationSceneManifest_Generation[sdk=iphoneos*]" = YES;
				"INFOPLIST_KEY_UIApplicationSceneManifest_Generation[sdk=iphonesimulator*]" = YES;
				"INFOPLIST_KEY_UIApplicationSupportsIndirectInputEvents[sdk=iphoneos*]" = YES;
				"INFOPLIST_KEY_UIApplicationSupportsIndirectInputEvents[sdk=iphonesimulator*]" = YES;
				"INFOPLIST_KEY_UILaunchScreen_Generation[sdk=iphoneos*]" = YES;
				"INFOPLIST_KEY_UILaunchScreen_Generation[sdk=iphonesimulator*]" = YES;
				"INFOPLIST_KEY_UIStatusBarStyle[sdk=iphoneos*]" = UIStatusBarStyleDefault;
				"INFOPLIST_KEY_UIStatusBarStyle[sdk=iphonesimulator*]" = UIStatusBarStyleDefault;
				INFOPLIST_KEY_UISupportedInterfaceOrientations_iPad = "UIInterfaceOrientationPortrait UIInterfaceOrientationPortraitUpsideDown UIInterfaceOrientationLandscapeLeft UIInterfaceOrientationLandscapeRight";
				INFOPLIST_KEY_UISupportedInterfaceOrientations_iPhone = "UIInterfaceOrientationPortrait UIInterfaceOrientationLandscapeLeft UIInterfaceOrientationLandscapeRight";
				IPHONEOS_DEPLOYMENT_TARGET = 17.5;
				LD_RUNPATH_SEARCH_PATHS = "@executable_path/Frameworks";
				"LD_RUNPATH_SEARCH_PATHS[sdk=macosx*]" = "@executable_path/../Frameworks";
				MACOSX_DEPLOYMENT_TARGET = 14.5;
				MARKETING_VERSION = 1.0;
				OTHER_LDFLAGS = "-ObjC";
				PRODUCT_BUNDLE_IDENTIFIER = com.janstusio.SpotifyPlaylistManager;
				PRODUCT_NAME = "$(TARGET_NAME)";
				SDKROOT = auto;
				SUPPORTED_PLATFORMS = "iphoneos iphonesimulator macosx";
				SWIFT_EMIT_LOC_STRINGS = YES;
				SWIFT_OBJC_BRIDGING_HEADER = "$(SRCROOT)/SpotifyPlaylistManager/Bridge/SpotifyPM-Bridging-Header.h";
				SWIFT_VERSION = 5.0;
				TARGETED_DEVICE_FAMILY = "1,2";
			};
			name = Release;
		};
/* End XCBuildConfiguration section */

/* Begin XCConfigurationList section */
		3D4E76BA2C4854740072AF5C /* Build configuration list for PBXProject "SpotifyPlaylistManager" */ = {
			isa = XCConfigurationList;
			buildConfigurations = (
				3D4E76CC2C4854760072AF5C /* Debug */,
				3D4E76CD2C4854760072AF5C /* Release */,
			);
			defaultConfigurationIsVisible = 0;
			defaultConfigurationName = Release;
		};
		3D4E76CE2C4854760072AF5C /* Build configuration list for PBXNativeTarget "SpotifyPlaylistManager" */ = {
			isa = XCConfigurationList;
			buildConfigurations = (
				3D4E76CF2C4854760072AF5C /* Debug */,
				3D4E76D02C4854760072AF5C /* Release */,
			);
			defaultConfigurationIsVisible = 0;
			defaultConfigurationName = Release;
		};
/* End XCConfigurationList section */

/* Begin XCRemoteSwiftPackageReference section */
		3D4E76D12C4857620072AF5C /* XCRemoteSwiftPackageReference "ios-sdk" */ = {
			isa = XCRemoteSwiftPackageReference;
			repositoryURL = "https://github.com/spotify/ios-sdk/";
			requirement = {
				branch = master;
				kind = branch;
			};
		};
/* End XCRemoteSwiftPackageReference section */

/* Begin XCSwiftPackageProductDependency section */
		3D4E76D22C4857620072AF5C /* SpotifyiOS */ = {
			isa = XCSwiftPackageProductDependency;
			package = 3D4E76D12C4857620072AF5C /* XCRemoteSwiftPackageReference "ios-sdk" */;
			productName = SpotifyiOS;
		};
/* End XCSwiftPackageProductDependency section */
	};
	rootObject = 3D4E76B72C4854740072AF5C /* Project object */;
}
