// !$*UTF8*$!
{
	archiveVersion = 1;
	classes = {
	};
	objectVersion = 56;
	objects = {

/* Begin PBXBuildFile section */
		3DA075B82C5149540089CE48 /* SpotifyPlaylistShufflerApp.swift in Sources */ = {isa = PBXBuildFile; fileRef = 3DA075B72C5149540089CE48 /* SpotifyPlaylistShufflerApp.swift */; };
		3DA075BA2C5149540089CE48 /* ContentView.swift in Sources */ = {isa = PBXBuildFile; fileRef = 3DA075B92C5149540089CE48 /* ContentView.swift */; };
		3DA075BC2C5149610089CE48 /* Assets.xcassets in Resources */ = {isa = PBXBuildFile; fileRef = 3DA075BB2C5149610089CE48 /* Assets.xcassets */; };
		3DA075C02C5149610089CE48 /* Preview Assets.xcassets in Resources */ = {isa = PBXBuildFile; fileRef = 3DA075BF2C5149610089CE48 /* Preview Assets.xcassets */; };
		3DA075CA2C5149610089CE48 /* SpotifyPlaylistShufflerTests.swift in Sources */ = {isa = PBXBuildFile; fileRef = 3DA075C92C5149610089CE48 /* SpotifyPlaylistShufflerTests.swift */; };
		3DA075D42C5149610089CE48 /* SpotifyPlaylistShufflerUITests.swift in Sources */ = {isa = PBXBuildFile; fileRef = 3DA075D32C5149610089CE48 /* SpotifyPlaylistShufflerUITests.swift */; };
		3DA075D62C5149610089CE48 /* SpotifyPlaylistShufflerUITestsLaunchTests.swift in Sources */ = {isa = PBXBuildFile; fileRef = 3DA075D52C5149610089CE48 /* SpotifyPlaylistShufflerUITestsLaunchTests.swift */; };
/* End PBXBuildFile section */

/* Begin PBXContainerItemProxy section */
		3DA075C62C5149610089CE48 /* PBXContainerItemProxy */ = {
			isa = PBXContainerItemProxy;
			containerPortal = 3DA075AC2C5149540089CE48 /* Project object */;
			proxyType = 1;
			remoteGlobalIDString = 3DA075B32C5149540089CE48;
			remoteInfo = SpotifyPlaylistShuffler;
		};
		3DA075D02C5149610089CE48 /* PBXContainerItemProxy */ = {
			isa = PBXContainerItemProxy;
			containerPortal = 3DA075AC2C5149540089CE48 /* Project object */;
			proxyType = 1;
			remoteGlobalIDString = 3DA075B32C5149540089CE48;
			remoteInfo = SpotifyPlaylistShuffler;
		};
/* End PBXContainerItemProxy section */

/* Begin PBXFileReference section */
		3DA075B42C5149540089CE48 /* SpotifyPlaylistShuffler.app */ = {isa = PBXFileReference; explicitFileType = wrapper.application; includeInIndex = 0; path = SpotifyPlaylistShuffler.app; sourceTree = BUILT_PRODUCTS_DIR; };
		3DA075B72C5149540089CE48 /* SpotifyPlaylistShufflerApp.swift */ = {isa = PBXFileReference; lastKnownFileType = sourcecode.swift; path = SpotifyPlaylistShufflerApp.swift; sourceTree = "<group>"; };
		3DA075B92C5149540089CE48 /* ContentView.swift */ = {isa = PBXFileReference; lastKnownFileType = sourcecode.swift; path = ContentView.swift; sourceTree = "<group>"; };
		3DA075BB2C5149610089CE48 /* Assets.xcassets */ = {isa = PBXFileReference; lastKnownFileType = folder.assetcatalog; path = Assets.xcassets; sourceTree = "<group>"; };
		3DA075BD2C5149610089CE48 /* SpotifyPlaylistShuffler.entitlements */ = {isa = PBXFileReference; lastKnownFileType = text.plist.entitlements; path = SpotifyPlaylistShuffler.entitlements; sourceTree = "<group>"; };
		3DA075BF2C5149610089CE48 /* Preview Assets.xcassets */ = {isa = PBXFileReference; lastKnownFileType = folder.assetcatalog; path = "Preview Assets.xcassets"; sourceTree = "<group>"; };
		3DA075C52C5149610089CE48 /* SpotifyPlaylistShufflerTests.xctest */ = {isa = PBXFileReference; explicitFileType = wrapper.cfbundle; includeInIndex = 0; path = SpotifyPlaylistShufflerTests.xctest; sourceTree = BUILT_PRODUCTS_DIR; };
		3DA075C92C5149610089CE48 /* SpotifyPlaylistShufflerTests.swift */ = {isa = PBXFileReference; lastKnownFileType = sourcecode.swift; path = SpotifyPlaylistShufflerTests.swift; sourceTree = "<group>"; };
		3DA075CF2C5149610089CE48 /* SpotifyPlaylistShufflerUITests.xctest */ = {isa = PBXFileReference; explicitFileType = wrapper.cfbundle; includeInIndex = 0; path = SpotifyPlaylistShufflerUITests.xctest; sourceTree = BUILT_PRODUCTS_DIR; };
		3DA075D32C5149610089CE48 /* SpotifyPlaylistShufflerUITests.swift */ = {isa = PBXFileReference; lastKnownFileType = sourcecode.swift; path = SpotifyPlaylistShufflerUITests.swift; sourceTree = "<group>"; };
		3DA075D52C5149610089CE48 /* SpotifyPlaylistShufflerUITestsLaunchTests.swift */ = {isa = PBXFileReference; lastKnownFileType = sourcecode.swift; path = SpotifyPlaylistShufflerUITestsLaunchTests.swift; sourceTree = "<group>"; };
/* End PBXFileReference section */

/* Begin PBXFrameworksBuildPhase section */
		3DA075B12C5149540089CE48 /* Frameworks */ = {
			isa = PBXFrameworksBuildPhase;
			buildActionMask = 2147483647;
			files = (
			);
			runOnlyForDeploymentPostprocessing = 0;
		};
		3DA075C22C5149610089CE48 /* Frameworks */ = {
			isa = PBXFrameworksBuildPhase;
			buildActionMask = 2147483647;
			files = (
			);
			runOnlyForDeploymentPostprocessing = 0;
		};
		3DA075CC2C5149610089CE48 /* Frameworks */ = {
			isa = PBXFrameworksBuildPhase;
			buildActionMask = 2147483647;
			files = (
			);
			runOnlyForDeploymentPostprocessing = 0;
		};
/* End PBXFrameworksBuildPhase section */

/* Begin PBXGroup section */
		3DA075AB2C5149540089CE48 = {
			isa = PBXGroup;
			children = (
				3DA075B62C5149540089CE48 /* SpotifyPlaylistShuffler */,
				3DA075C82C5149610089CE48 /* SpotifyPlaylistShufflerTests */,
				3DA075D22C5149610089CE48 /* SpotifyPlaylistShufflerUITests */,
				3DA075B52C5149540089CE48 /* Products */,
			);
			sourceTree = "<group>";
		};
		3DA075B52C5149540089CE48 /* Products */ = {
			isa = PBXGroup;
			children = (
				3DA075B42C5149540089CE48 /* SpotifyPlaylistShuffler.app */,
				3DA075C52C5149610089CE48 /* SpotifyPlaylistShufflerTests.xctest */,
				3DA075CF2C5149610089CE48 /* SpotifyPlaylistShufflerUITests.xctest */,
			);
			name = Products;
			sourceTree = "<group>";
		};
		3DA075B62C5149540089CE48 /* SpotifyPlaylistShuffler */ = {
			isa = PBXGroup;
			children = (
				3DA075B72C5149540089CE48 /* SpotifyPlaylistShufflerApp.swift */,
				3DA075B92C5149540089CE48 /* ContentView.swift */,
				3DA075BB2C5149610089CE48 /* Assets.xcassets */,
				3DA075BD2C5149610089CE48 /* SpotifyPlaylistShuffler.entitlements */,
				3DA075BE2C5149610089CE48 /* Preview Content */,
			);
			path = SpotifyPlaylistShuffler;
			sourceTree = "<group>";
		};
		3DA075BE2C5149610089CE48 /* Preview Content */ = {
			isa = PBXGroup;
			children = (
				3DA075BF2C5149610089CE48 /* Preview Assets.xcassets */,
			);
			path = "Preview Content";
			sourceTree = "<group>";
		};
		3DA075C82C5149610089CE48 /* SpotifyPlaylistShufflerTests */ = {
			isa = PBXGroup;
			children = (
				3DA075C92C5149610089CE48 /* SpotifyPlaylistShufflerTests.swift */,
			);
			path = SpotifyPlaylistShufflerTests;
			sourceTree = "<group>";
		};
		3DA075D22C5149610089CE48 /* SpotifyPlaylistShufflerUITests */ = {
			isa = PBXGroup;
			children = (
				3DA075D32C5149610089CE48 /* SpotifyPlaylistShufflerUITests.swift */,
				3DA075D52C5149610089CE48 /* SpotifyPlaylistShufflerUITestsLaunchTests.swift */,
			);
			path = SpotifyPlaylistShufflerUITests;
			sourceTree = "<group>";
		};
/* End PBXGroup section */

/* Begin PBXNativeTarget section */
		3DA075B32C5149540089CE48 /* SpotifyPlaylistShuffler */ = {
			isa = PBXNativeTarget;
			buildConfigurationList = 3DA075D92C5149610089CE48 /* Build configuration list for PBXNativeTarget "SpotifyPlaylistShuffler" */;
			buildPhases = (
				3DA075B02C5149540089CE48 /* Sources */,
				3DA075B12C5149540089CE48 /* Frameworks */,
				3DA075B22C5149540089CE48 /* Resources */,
			);
			buildRules = (
			);
			dependencies = (
			);
			name = SpotifyPlaylistShuffler;
			productName = SpotifyPlaylistShuffler;
			productReference = 3DA075B42C5149540089CE48 /* SpotifyPlaylistShuffler.app */;
			productType = "com.apple.product-type.application";
		};
		3DA075C42C5149610089CE48 /* SpotifyPlaylistShufflerTests */ = {
			isa = PBXNativeTarget;
			buildConfigurationList = 3DA075DC2C5149610089CE48 /* Build configuration list for PBXNativeTarget "SpotifyPlaylistShufflerTests" */;
			buildPhases = (
				3DA075C12C5149610089CE48 /* Sources */,
				3DA075C22C5149610089CE48 /* Frameworks */,
				3DA075C32C5149610089CE48 /* Resources */,
			);
			buildRules = (
			);
			dependencies = (
				3DA075C72C5149610089CE48 /* PBXTargetDependency */,
			);
			name = SpotifyPlaylistShufflerTests;
			productName = SpotifyPlaylistShufflerTests;
			productReference = 3DA075C52C5149610089CE48 /* SpotifyPlaylistShufflerTests.xctest */;
			productType = "com.apple.product-type.bundle.unit-test";
		};
		3DA075CE2C5149610089CE48 /* SpotifyPlaylistShufflerUITests */ = {
			isa = PBXNativeTarget;
			buildConfigurationList = 3DA075DF2C5149610089CE48 /* Build configuration list for PBXNativeTarget "SpotifyPlaylistShufflerUITests" */;
			buildPhases = (
				3DA075CB2C5149610089CE48 /* Sources */,
				3DA075CC2C5149610089CE48 /* Frameworks */,
				3DA075CD2C5149610089CE48 /* Resources */,
			);
			buildRules = (
			);
			dependencies = (
				3DA075D12C5149610089CE48 /* PBXTargetDependency */,
			);
			name = SpotifyPlaylistShufflerUITests;
			productName = SpotifyPlaylistShufflerUITests;
			productReference = 3DA075CF2C5149610089CE48 /* SpotifyPlaylistShufflerUITests.xctest */;
			productType = "com.apple.product-type.bundle.ui-testing";
		};
/* End PBXNativeTarget section */

/* Begin PBXProject section */
		3DA075AC2C5149540089CE48 /* Project object */ = {
			isa = PBXProject;
			attributes = {
				BuildIndependentTargetsInParallel = 1;
				LastSwiftUpdateCheck = 1540;
				LastUpgradeCheck = 1540;
				TargetAttributes = {
					3DA075B32C5149540089CE48 = {
						CreatedOnToolsVersion = 15.4;
					};
					3DA075C42C5149610089CE48 = {
						CreatedOnToolsVersion = 15.4;
						TestTargetID = 3DA075B32C5149540089CE48;
					};
					3DA075CE2C5149610089CE48 = {
						CreatedOnToolsVersion = 15.4;
						TestTargetID = 3DA075B32C5149540089CE48;
					};
				};
			};
			buildConfigurationList = 3DA075AF2C5149540089CE48 /* Build configuration list for PBXProject "SpotifyPlaylistShuffler" */;
			compatibilityVersion = "Xcode 14.0";
			developmentRegion = en;
			hasScannedForEncodings = 0;
			knownRegions = (
				en,
				Base,
			);
			mainGroup = 3DA075AB2C5149540089CE48;
			productRefGroup = 3DA075B52C5149540089CE48 /* Products */;
			projectDirPath = "";
			projectRoot = "";
			targets = (
				3DA075B32C5149540089CE48 /* SpotifyPlaylistShuffler */,
				3DA075C42C5149610089CE48 /* SpotifyPlaylistShufflerTests */,
				3DA075CE2C5149610089CE48 /* SpotifyPlaylistShufflerUITests */,
			);
		};
/* End PBXProject section */

/* Begin PBXResourcesBuildPhase section */
		3DA075B22C5149540089CE48 /* Resources */ = {
			isa = PBXResourcesBuildPhase;
			buildActionMask = 2147483647;
			files = (
				3DA075C02C5149610089CE48 /* Preview Assets.xcassets in Resources */,
				3DA075BC2C5149610089CE48 /* Assets.xcassets in Resources */,
			);
			runOnlyForDeploymentPostprocessing = 0;
		};
		3DA075C32C5149610089CE48 /* Resources */ = {
			isa = PBXResourcesBuildPhase;
			buildActionMask = 2147483647;
			files = (
			);
			runOnlyForDeploymentPostprocessing = 0;
		};
		3DA075CD2C5149610089CE48 /* Resources */ = {
			isa = PBXResourcesBuildPhase;
			buildActionMask = 2147483647;
			files = (
			);
			runOnlyForDeploymentPostprocessing = 0;
		};
/* End PBXResourcesBuildPhase section */

/* Begin PBXSourcesBuildPhase section */
		3DA075B02C5149540089CE48 /* Sources */ = {
			isa = PBXSourcesBuildPhase;
			buildActionMask = 2147483647;
			files = (
				3DA075BA2C5149540089CE48 /* ContentView.swift in Sources */,
				3DA075B82C5149540089CE48 /* SpotifyPlaylistShufflerApp.swift in Sources */,
			);
			runOnlyForDeploymentPostprocessing = 0;
		};
		3DA075C12C5149610089CE48 /* Sources */ = {
			isa = PBXSourcesBuildPhase;
			buildActionMask = 2147483647;
			files = (
				3DA075CA2C5149610089CE48 /* SpotifyPlaylistShufflerTests.swift in Sources */,
			);
			runOnlyForDeploymentPostprocessing = 0;
		};
		3DA075CB2C5149610089CE48 /* Sources */ = {
			isa = PBXSourcesBuildPhase;
			buildActionMask = 2147483647;
			files = (
				3DA075D62C5149610089CE48 /* SpotifyPlaylistShufflerUITestsLaunchTests.swift in Sources */,
				3DA075D42C5149610089CE48 /* SpotifyPlaylistShufflerUITests.swift in Sources */,
			);
			runOnlyForDeploymentPostprocessing = 0;
		};
/* End PBXSourcesBuildPhase section */

/* Begin PBXTargetDependency section */
		3DA075C72C5149610089CE48 /* PBXTargetDependency */ = {
			isa = PBXTargetDependency;
			target = 3DA075B32C5149540089CE48 /* SpotifyPlaylistShuffler */;
			targetProxy = 3DA075C62C5149610089CE48 /* PBXContainerItemProxy */;
		};
		3DA075D12C5149610089CE48 /* PBXTargetDependency */ = {
			isa = PBXTargetDependency;
			target = 3DA075B32C5149540089CE48 /* SpotifyPlaylistShuffler */;
			targetProxy = 3DA075D02C5149610089CE48 /* PBXContainerItemProxy */;
		};
/* End PBXTargetDependency section */

/* Begin XCBuildConfiguration section */
		3DA075D72C5149610089CE48 /* Debug */ = {
			isa = XCBuildConfiguration;
			buildSettings = {
				ALWAYS_SEARCH_USER_PATHS = NO;
				ASSETCATALOG_COMPILER_GENERATE_SWIFT_ASSET_SYMBOL_EXTENSIONS = YES;
				CLANG_ANALYZER_NONNULL = YES;
				CLANG_ANALYZER_NUMBER_OBJECT_CONVERSION = YES_AGGRESSIVE;
				CLANG_CXX_LANGUAGE_STANDARD = "gnu++20";
				CLANG_ENABLE_MODULES = YES;
				CLANG_ENABLE_OBJC_ARC = YES;
				CLANG_ENABLE_OBJC_WEAK = YES;
				CLANG_WARN_BLOCK_CAPTURE_AUTORELEASING = YES;
				CLANG_WARN_BOOL_CONVERSION = YES;
				CLANG_WARN_COMMA = YES;
				CLANG_WARN_CONSTANT_CONVERSION = YES;
				CLANG_WARN_DEPRECATED_OBJC_IMPLEMENTATIONS = YES;
				CLANG_WARN_DIRECT_OBJC_ISA_USAGE = YES_ERROR;
				CLANG_WARN_DOCUMENTATION_COMMENTS = YES;
				CLANG_WARN_EMPTY_BODY = YES;
				CLANG_WARN_ENUM_CONVERSION = YES;
				CLANG_WARN_INFINITE_RECURSION = YES;
				CLANG_WARN_INT_CONVERSION = YES;
				CLANG_WARN_NON_LITERAL_NULL_CONVERSION = YES;
				CLANG_WARN_OBJC_IMPLICIT_RETAIN_SELF = YES;
				CLANG_WARN_OBJC_LITERAL_CONVERSION = YES;
				CLANG_WARN_OBJC_ROOT_CLASS = YES_ERROR;
				CLANG_WARN_QUOTED_INCLUDE_IN_FRAMEWORK_HEADER = YES;
				CLANG_WARN_RANGE_LOOP_ANALYSIS = YES;
				CLANG_WARN_STRICT_PROTOTYPES = YES;
				CLANG_WARN_SUSPICIOUS_MOVE = YES;
				CLANG_WARN_UNGUARDED_AVAILABILITY = YES_AGGRESSIVE;
				CLANG_WARN_UNREACHABLE_CODE = YES;
				CLANG_WARN__DUPLICATE_METHOD_MATCH = YES;
				COPY_PHASE_STRIP = NO;
				DEBUG_INFORMATION_FORMAT = dwarf;
				ENABLE_STRICT_OBJC_MSGSEND = YES;
				ENABLE_TESTABILITY = YES;
				ENABLE_USER_SCRIPT_SANDBOXING = YES;
				GCC_C_LANGUAGE_STANDARD = gnu17;
				GCC_DYNAMIC_NO_PIC = NO;
				GCC_NO_COMMON_BLOCKS = YES;
				GCC_OPTIMIZATION_LEVEL = 0;
				GCC_PREPROCESSOR_DEFINITIONS = (
					"DEBUG=1",
					"$(inherited)",
				);
				GCC_WARN_64_TO_32_BIT_CONVERSION = YES;
				GCC_WARN_ABOUT_RETURN_TYPE = YES_ERROR;
				GCC_WARN_UNDECLARED_SELECTOR = YES;
				GCC_WARN_UNINITIALIZED_AUTOS = YES_AGGRESSIVE;
				GCC_WARN_UNUSED_FUNCTION = YES;
				GCC_WARN_UNUSED_VARIABLE = YES;
				LOCALIZATION_PREFERS_STRING_CATALOGS = YES;
				MTL_ENABLE_DEBUG_INFO = INCLUDE_SOURCE;
				MTL_FAST_MATH = YES;
				ONLY_ACTIVE_ARCH = YES;
				SWIFT_ACTIVE_COMPILATION_CONDITIONS = "DEBUG $(inherited)";
				SWIFT_OPTIMIZATION_LEVEL = "-Onone";
			};
			name = Debug;
		};
		3DA075D82C5149610089CE48 /* Release */ = {
			isa = XCBuildConfiguration;
			buildSettings = {
				ALWAYS_SEARCH_USER_PATHS = NO;
				ASSETCATALOG_COMPILER_GENERATE_SWIFT_ASSET_SYMBOL_EXTENSIONS = YES;
				CLANG_ANALYZER_NONNULL = YES;
				CLANG_ANALYZER_NUMBER_OBJECT_CONVERSION = YES_AGGRESSIVE;
				CLANG_CXX_LANGUAGE_STANDARD = "gnu++20";
				CLANG_ENABLE_MODULES = YES;
				CLANG_ENABLE_OBJC_ARC = YES;
				CLANG_ENABLE_OBJC_WEAK = YES;
				CLANG_WARN_BLOCK_CAPTURE_AUTORELEASING = YES;
				CLANG_WARN_BOOL_CONVERSION = YES;
				CLANG_WARN_COMMA = YES;
				CLANG_WARN_CONSTANT_CONVERSION = YES;
				CLANG_WARN_DEPRECATED_OBJC_IMPLEMENTATIONS = YES;
				CLANG_WARN_DIRECT_OBJC_ISA_USAGE = YES_ERROR;
				CLANG_WARN_DOCUMENTATION_COMMENTS = YES;
				CLANG_WARN_EMPTY_BODY = YES;
				CLANG_WARN_ENUM_CONVERSION = YES;
				CLANG_WARN_INFINITE_RECURSION = YES;
				CLANG_WARN_INT_CONVERSION = YES;
				CLANG_WARN_NON_LITERAL_NULL_CONVERSION = YES;
				CLANG_WARN_OBJC_IMPLICIT_RETAIN_SELF = YES;
				CLANG_WARN_OBJC_LITERAL_CONVERSION = YES;
				CLANG_WARN_OBJC_ROOT_CLASS = YES_ERROR;
				CLANG_WARN_QUOTED_INCLUDE_IN_FRAMEWORK_HEADER = YES;
				CLANG_WARN_RANGE_LOOP_ANALYSIS = YES;
				CLANG_WARN_STRICT_PROTOTYPES = YES;
				CLANG_WARN_SUSPICIOUS_MOVE = YES;
				CLANG_WARN_UNGUARDED_AVAILABILITY = YES_AGGRESSIVE;
				CLANG_WARN_UNREACHABLE_CODE = YES;
				CLANG_WARN__DUPLICATE_METHOD_MATCH = YES;
				COPY_PHASE_STRIP = NO;
				DEBUG_INFORMATION_FORMAT = "dwarf-with-dsym";
				ENABLE_NS_ASSERTIONS = NO;
				ENABLE_STRICT_OBJC_MSGSEND = YES;
				ENABLE_USER_SCRIPT_SANDBOXING = YES;
				GCC_C_LANGUAGE_STANDARD = gnu17;
				GCC_NO_COMMON_BLOCKS = YES;
				GCC_WARN_64_TO_32_BIT_CONVERSION = YES;
				GCC_WARN_ABOUT_RETURN_TYPE = YES_ERROR;
				GCC_WARN_UNDECLARED_SELECTOR = YES;
				GCC_WARN_UNINITIALIZED_AUTOS = YES_AGGRESSIVE;
				GCC_WARN_UNUSED_FUNCTION = YES;
				GCC_WARN_UNUSED_VARIABLE = YES;
				LOCALIZATION_PREFERS_STRING_CATALOGS = YES;
				MTL_ENABLE_DEBUG_INFO = NO;
				MTL_FAST_MATH = YES;
				SWIFT_COMPILATION_MODE = wholemodule;
			};
			name = Release;
		};
		3DA075DA2C5149610089CE48 /* Debug */ = {
			isa = XCBuildConfiguration;
			buildSettings = {
				ASSETCATALOG_COMPILER_APPICON_NAME = AppIcon;
				ASSETCATALOG_COMPILER_GLOBAL_ACCENT_COLOR_NAME = AccentColor;
				CODE_SIGN_ENTITLEMENTS = SpotifyPlaylistShuffler/SpotifyPlaylistShuffler.entitlements;
				CODE_SIGN_STYLE = Automatic;
				CURRENT_PROJECT_VERSION = 1;
				DEVELOPMENT_ASSET_PATHS = "\"SpotifyPlaylistShuffler/Preview Content\"";
				DEVELOPMENT_TEAM = 9SA9YW222L;
				ENABLE_HARDENED_RUNTIME = YES;
				ENABLE_PREVIEWS = YES;
				GENERATE_INFOPLIST_FILE = YES;
				"INFOPLIST_KEY_UIApplicationSceneManifest_Generation[sdk=iphoneos*]" = YES;
				"INFOPLIST_KEY_UIApplicationSceneManifest_Generation[sdk=iphonesimulator*]" = YES;
				"INFOPLIST_KEY_UIApplicationSupportsIndirectInputEvents[sdk=iphoneos*]" = YES;
				"INFOPLIST_KEY_UIApplicationSupportsIndirectInputEvents[sdk=iphonesimulator*]" = YES;
				"INFOPLIST_KEY_UILaunchScreen_Generation[sdk=iphoneos*]" = YES;
				"INFOPLIST_KEY_UILaunchScreen_Generation[sdk=iphonesimulator*]" = YES;
				"INFOPLIST_KEY_UIStatusBarStyle[sdk=iphoneos*]" = UIStatusBarStyleDefault;
				"INFOPLIST_KEY_UIStatusBarStyle[sdk=iphonesimulator*]" = UIStatusBarStyleDefault;
				INFOPLIST_KEY_UISupportedInterfaceOrientations_iPad = "UIInterfaceOrientationPortrait UIInterfaceOrientationPortraitUpsideDown UIInterfaceOrientationLandscapeLeft UIInterfaceOrientationLandscapeRight";
				INFOPLIST_KEY_UISupportedInterfaceOrientations_iPhone = "UIInterfaceOrientationPortrait UIInterfaceOrientationLandscapeLeft UIInterfaceOrientationLandscapeRight";
				IPHONEOS_DEPLOYMENT_TARGET = 17.5;
				LD_RUNPATH_SEARCH_PATHS = "@executable_path/Frameworks";
				"LD_RUNPATH_SEARCH_PATHS[sdk=macosx*]" = "@executable_path/../Frameworks";
				MACOSX_DEPLOYMENT_TARGET = 14.5;
				MARKETING_VERSION = 1.0;
				PRODUCT_BUNDLE_IDENTIFIER = com.janstusio.SpotifyPlaylistShuffler;
				PRODUCT_NAME = "$(TARGET_NAME)";
				SDKROOT = auto;
				SUPPORTED_PLATFORMS = "iphoneos iphonesimulator macosx";
				SWIFT_EMIT_LOC_STRINGS = YES;
				SWIFT_VERSION = 5.0;
				TARGETED_DEVICE_FAMILY = "1,2";
			};
			name = Debug;
		};
		3DA075DB2C5149610089CE48 /* Release */ = {
			isa = XCBuildConfiguration;
			buildSettings = {
				ASSETCATALOG_COMPILER_APPICON_NAME = AppIcon;
				ASSETCATALOG_COMPILER_GLOBAL_ACCENT_COLOR_NAME = AccentColor;
				CODE_SIGN_ENTITLEMENTS = SpotifyPlaylistShuffler/SpotifyPlaylistShuffler.entitlements;
				CODE_SIGN_STYLE = Automatic;
				CURRENT_PROJECT_VERSION = 1;
				DEVELOPMENT_ASSET_PATHS = "\"SpotifyPlaylistShuffler/Preview Content\"";
				DEVELOPMENT_TEAM = 9SA9YW222L;
				ENABLE_HARDENED_RUNTIME = YES;
				ENABLE_PREVIEWS = YES;
				GENERATE_INFOPLIST_FILE = YES;
				"INFOPLIST_KEY_UIApplicationSceneManifest_Generation[sdk=iphoneos*]" = YES;
				"INFOPLIST_KEY_UIApplicationSceneManifest_Generation[sdk=iphonesimulator*]" = YES;
				"INFOPLIST_KEY_UIApplicationSupportsIndirectInputEvents[sdk=iphoneos*]" = YES;
				"INFOPLIST_KEY_UIApplicationSupportsIndirectInputEvents[sdk=iphonesimulator*]" = YES;
				"INFOPLIST_KEY_UILaunchScreen_Generation[sdk=iphoneos*]" = YES;
				"INFOPLIST_KEY_UILaunchScreen_Generation[sdk=iphonesimulator*]" = YES;
				"INFOPLIST_KEY_UIStatusBarStyle[sdk=iphoneos*]" = UIStatusBarStyleDefault;
				"INFOPLIST_KEY_UIStatusBarStyle[sdk=iphonesimulator*]" = UIStatusBarStyleDefault;
				INFOPLIST_KEY_UISupportedInterfaceOrientations_iPad = "UIInterfaceOrientationPortrait UIInterfaceOrientationPortraitUpsideDown UIInterfaceOrientationLandscapeLeft UIInterfaceOrientationLandscapeRight";
				INFOPLIST_KEY_UISupportedInterfaceOrientations_iPhone = "UIInterfaceOrientationPortrait UIInterfaceOrientationLandscapeLeft UIInterfaceOrientationLandscapeRight";
				IPHONEOS_DEPLOYMENT_TARGET = 17.5;
				LD_RUNPATH_SEARCH_PATHS = "@executable_path/Frameworks";
				"LD_RUNPATH_SEARCH_PATHS[sdk=macosx*]" = "@executable_path/../Frameworks";
				MACOSX_DEPLOYMENT_TARGET = 14.5;
				MARKETING_VERSION = 1.0;
				PRODUCT_BUNDLE_IDENTIFIER = com.janstusio.SpotifyPlaylistShuffler;
				PRODUCT_NAME = "$(TARGET_NAME)";
				SDKROOT = auto;
				SUPPORTED_PLATFORMS = "iphoneos iphonesimulator macosx";
				SWIFT_EMIT_LOC_STRINGS = YES;
				SWIFT_VERSION = 5.0;
				TARGETED_DEVICE_FAMILY = "1,2";
			};
			name = Release;
		};
		3DA075DD2C5149610089CE48 /* Debug */ = {
			isa = XCBuildConfiguration;
			buildSettings = {
				ALWAYS_EMBED_SWIFT_STANDARD_LIBRARIES = YES;
				BUNDLE_LOADER = "$(TEST_HOST)";
				CODE_SIGN_STYLE = Automatic;
				CURRENT_PROJECT_VERSION = 1;
				DEVELOPMENT_TEAM = 9SA9YW222L;
				GENERATE_INFOPLIST_FILE = YES;
				IPHONEOS_DEPLOYMENT_TARGET = 17.5;
				MACOSX_DEPLOYMENT_TARGET = 14.5;
				MARKETING_VERSION = 1.0;
				PRODUCT_BUNDLE_IDENTIFIER = com.janstusio.SpotifyPlaylistShufflerTests;
				PRODUCT_NAME = "$(TARGET_NAME)";
				SDKROOT = auto;
				SUPPORTED_PLATFORMS = "iphoneos iphonesimulator macosx";
				SWIFT_EMIT_LOC_STRINGS = NO;
				SWIFT_VERSION = 5.0;
				TARGETED_DEVICE_FAMILY = "1,2";
				TEST_HOST = "$(BUILT_PRODUCTS_DIR)/SpotifyPlaylistShuffler.app/$(BUNDLE_EXECUTABLE_FOLDER_PATH)/SpotifyPlaylistShuffler";
			};
			name = Debug;
		};
		3DA075DE2C5149610089CE48 /* Release */ = {
			isa = XCBuildConfiguration;
			buildSettings = {
				ALWAYS_EMBED_SWIFT_STANDARD_LIBRARIES = YES;
				BUNDLE_LOADER = "$(TEST_HOST)";
				CODE_SIGN_STYLE = Automatic;
				CURRENT_PROJECT_VERSION = 1;
				DEVELOPMENT_TEAM = 9SA9YW222L;
				GENERATE_INFOPLIST_FILE = YES;
				IPHONEOS_DEPLOYMENT_TARGET = 17.5;
				MACOSX_DEPLOYMENT_TARGET = 14.5;
				MARKETING_VERSION = 1.0;
				PRODUCT_BUNDLE_IDENTIFIER = com.janstusio.SpotifyPlaylistShufflerTests;
				PRODUCT_NAME = "$(TARGET_NAME)";
				SDKROOT = auto;
				SUPPORTED_PLATFORMS = "iphoneos iphonesimulator macosx";
				SWIFT_EMIT_LOC_STRINGS = NO;
				SWIFT_VERSION = 5.0;
				TARGETED_DEVICE_FAMILY = "1,2";
				TEST_HOST = "$(BUILT_PRODUCTS_DIR)/SpotifyPlaylistShuffler.app/$(BUNDLE_EXECUTABLE_FOLDER_PATH)/SpotifyPlaylistShuffler";
			};
			name = Release;
		};
		3DA075E02C5149610089CE48 /* Debug */ = {
			isa = XCBuildConfiguration;
			buildSettings = {
				ALWAYS_EMBED_SWIFT_STANDARD_LIBRARIES = YES;
				CODE_SIGN_STYLE = Automatic;
				CURRENT_PROJECT_VERSION = 1;
				DEVELOPMENT_TEAM = 9SA9YW222L;
				GENERATE_INFOPLIST_FILE = YES;
				IPHONEOS_DEPLOYMENT_TARGET = 17.5;
				MACOSX_DEPLOYMENT_TARGET = 14.5;
				MARKETING_VERSION = 1.0;
				PRODUCT_BUNDLE_IDENTIFIER = com.janstusio.SpotifyPlaylistShufflerUITests;
				PRODUCT_NAME = "$(TARGET_NAME)";
				SDKROOT = auto;
				SUPPORTED_PLATFORMS = "iphoneos iphonesimulator macosx";
				SWIFT_EMIT_LOC_STRINGS = NO;
				SWIFT_VERSION = 5.0;
				TARGETED_DEVICE_FAMILY = "1,2";
				TEST_TARGET_NAME = SpotifyPlaylistShuffler;
			};
			name = Debug;
		};
		3DA075E12C5149610089CE48 /* Release */ = {
			isa = XCBuildConfiguration;
			buildSettings = {
				ALWAYS_EMBED_SWIFT_STANDARD_LIBRARIES = YES;
				CODE_SIGN_STYLE = Automatic;
				CURRENT_PROJECT_VERSION = 1;
				DEVELOPMENT_TEAM = 9SA9YW222L;
				GENERATE_INFOPLIST_FILE = YES;
				IPHONEOS_DEPLOYMENT_TARGET = 17.5;
				MACOSX_DEPLOYMENT_TARGET = 14.5;
				MARKETING_VERSION = 1.0;
				PRODUCT_BUNDLE_IDENTIFIER = com.janstusio.SpotifyPlaylistShufflerUITests;
				PRODUCT_NAME = "$(TARGET_NAME)";
				SDKROOT = auto;
				SUPPORTED_PLATFORMS = "iphoneos iphonesimulator macosx";
				SWIFT_EMIT_LOC_STRINGS = NO;
				SWIFT_VERSION = 5.0;
				TARGETED_DEVICE_FAMILY = "1,2";
				TEST_TARGET_NAME = SpotifyPlaylistShuffler;
			};
			name = Release;
		};
/* End XCBuildConfiguration section */

/* Begin XCConfigurationList section */
		3DA075AF2C5149540089CE48 /* Build configuration list for PBXProject "SpotifyPlaylistShuffler" */ = {
			isa = XCConfigurationList;
			buildConfigurations = (
				3DA075D72C5149610089CE48 /* Debug */,
				3DA075D82C5149610089CE48 /* Release */,
			);
			defaultConfigurationIsVisible = 0;
			defaultConfigurationName = Release;
		};
		3DA075D92C5149610089CE48 /* Build configuration list for PBXNativeTarget "SpotifyPlaylistShuffler" */ = {
			isa = XCConfigurationList;
			buildConfigurations = (
				3DA075DA2C5149610089CE48 /* Debug */,
				3DA075DB2C5149610089CE48 /* Release */,
			);
			defaultConfigurationIsVisible = 0;
			defaultConfigurationName = Release;
		};
		3DA075DC2C5149610089CE48 /* Build configuration list for PBXNativeTarget "SpotifyPlaylistShufflerTests" */ = {
			isa = XCConfigurationList;
			buildConfigurations = (
				3DA075DD2C5149610089CE48 /* Debug */,
				3DA075DE2C5149610089CE48 /* Release */,
			);
			defaultConfigurationIsVisible = 0;
			defaultConfigurationName = Release;
		};
		3DA075DF2C5149610089CE48 /* Build configuration list for PBXNativeTarget "SpotifyPlaylistShufflerUITests" */ = {
			isa = XCConfigurationList;
			buildConfigurations = (
				3DA075E02C5149610089CE48 /* Debug */,
				3DA075E12C5149610089CE48 /* Release */,
			);
			defaultConfigurationIsVisible = 0;
			defaultConfigurationName = Release;
		};
/* End XCConfigurationList section */
	};
	rootObject = 3DA075AC2C5149540089CE48 /* Project object */;
}
